
Microsoft Visual Studio Solution File, Format Version 12.00
# Visual Studio Version 17
VisualStudioVersion = 17.1.32210.238
MinimumVisualStudioVersion = 10.0.40219.1
Project("{FAE04EC0-301F-11D3-BF4B-00C04F79EFBC}") = "S1SGBD", "S1SGBD\S1SGBD.csproj", "{76EF6DAC-651C-4154-BF2D-402C2B6B2CAC}"
EndProject
Global
	GlobalSection(SolutionConfigurationPlatforms) = preSolution
		Debug|Any CPU = Debug|Any CPU
		Release|Any CPU = Release|Any CPU
	EndGlobalSection
	GlobalSection(ProjectConfigurationPlatforms) = postSolution
		{76EF6DAC-651C-4154-BF2D-402C2B6B2CAC}.Debug|Any CPU.ActiveCfg = Debug|Any CPU
		{76EF6DAC-651C-4154-BF2D-402C2B6B2CAC}.Debug|Any CPU.Build.0 = Debug|Any CPU
		{76EF6DAC-651C-4154-BF2D-402C2B6B2CAC}.Release|Any CPU.ActiveCfg = Release|Any CPU
		{76EF6DAC-651C-4154-BF2D-402C2B6B2CAC}.Release|Any CPU.Build.0 = Release|Any CPU
	EndGlobalSection
	GlobalSection(SolutionProperties) = preSolution
		HideSolutionNode = FALSE
	EndGlobalSection
	GlobalSection(ExtensibilityGlobals) = postSolution
		SolutionGuid = {DD6D1FC4-3ADE-41E9-9CFA-80B5C06946B9}
	EndGlobalSection
EndGlobal
